// !$*UTF8*$!
{
	archiveVersion = 1;
	classes = {
	};
	objectVersion = 56;
	objects = {

/* Begin PBXBuildFile section */
		1D9D51482AAFEBDE004B6CCA /* WorkoutsApp.swift in Sources */ = {isa = PBXBuildFile; fileRef = 1D9D51472AAFEBDE004B6CCA /* WorkoutsApp.swift */; };
		1D9D514A2AAFEBDE004B6CCA /* ContentView.swift in Sources */ = {isa = PBXBuildFile; fileRef = 1D9D51492AAFEBDE004B6CCA /* ContentView.swift */; };
		1D9D514C2AAFEBDF004B6CCA /* Assets.xcassets in Resources */ = {isa = PBXBuildFile; fileRef = 1D9D514B2AAFEBDF004B6CCA /* Assets.xcassets */; };
		1D9D514F2AAFEBDF004B6CCA /* Preview Assets.xcassets in Resources */ = {isa = PBXBuildFile; fileRef = 1D9D514E2AAFEBDF004B6CCA /* Preview Assets.xcassets */; };
		1D9D51562AAFF8BA004B6CCA /* WorkoutsGridView.swift in Sources */ = {isa = PBXBuildFile; fileRef = 1D9D51552AAFF8BA004B6CCA /* WorkoutsGridView.swift */; };
		1D9D51582AAFFF3F004B6CCA /* WorkoutsGridViewModel.swift in Sources */ = {isa = PBXBuildFile; fileRef = 1D9D51572AAFFF3F004B6CCA /* WorkoutsGridViewModel.swift */; };
		1D9D515C2AB00010004B6CCA /* Exercises.swift in Sources */ = {isa = PBXBuildFile; fileRef = 1D9D515B2AB00010004B6CCA /* Exercises.swift */; };
		1D9D515E2AB00507004B6CCA /* ExerciseTitleView.swift in Sources */ = {isa = PBXBuildFile; fileRef = 1D9D515D2AB00507004B6CCA /* ExerciseTitleView.swift */; };
		1D9D51602AB00AA0004B6CCA /* WorkoutDetailView.swift in Sources */ = {isa = PBXBuildFile; fileRef = 1D9D515F2AB00AA0004B6CCA /* WorkoutDetailView.swift */; };
		1D9D51632AB0356D004B6CCA /* FirebaseFirestore in Frameworks */ = {isa = PBXBuildFile; productRef = 1D9D51622AB0356D004B6CCA /* FirebaseFirestore */; };
		1D9D51652AB0356D004B6CCA /* FirebaseFirestoreSwift in Frameworks */ = {isa = PBXBuildFile; productRef = 1D9D51642AB0356D004B6CCA /* FirebaseFirestoreSwift */; };
		1D9D51672AB0363B004B6CCA /* GoogleService-Info.plist in Resources */ = {isa = PBXBuildFile; fileRef = 1D9D51662AB0363B004B6CCA /* GoogleService-Info.plist */; };
/* End PBXBuildFile section */

/* Begin PBXFileReference section */
		1D9D51442AAFEBDE004B6CCA /* Workouts.app */ = {isa = PBXFileReference; explicitFileType = wrapper.application; includeInIndex = 0; path = Workouts.app; sourceTree = BUILT_PRODUCTS_DIR; };
		1D9D51472AAFEBDE004B6CCA /* WorkoutsApp.swift */ = {isa = PBXFileReference; lastKnownFileType = sourcecode.swift; path = WorkoutsApp.swift; sourceTree = "<group>"; };
		1D9D51492AAFEBDE004B6CCA /* ContentView.swift */ = {isa = PBXFileReference; lastKnownFileType = sourcecode.swift; path = ContentView.swift; sourceTree = "<group>"; };
		1D9D514B2AAFEBDF004B6CCA /* Assets.xcassets */ = {isa = PBXFileReference; lastKnownFileType = folder.assetcatalog; path = Assets.xcassets; sourceTree = "<group>"; };
		1D9D514E2AAFEBDF004B6CCA /* Preview Assets.xcassets */ = {isa = PBXFileReference; lastKnownFileType = folder.assetcatalog; path = "Preview Assets.xcassets"; sourceTree = "<group>"; };
		1D9D51552AAFF8BA004B6CCA /* WorkoutsGridView.swift */ = {isa = PBXFileReference; lastKnownFileType = sourcecode.swift; path = WorkoutsGridView.swift; sourceTree = "<group>"; };
		1D9D51572AAFFF3F004B6CCA /* WorkoutsGridViewModel.swift */ = {isa = PBXFileReference; lastKnownFileType = sourcecode.swift; path = WorkoutsGridViewModel.swift; sourceTree = "<group>"; };
		1D9D515B2AB00010004B6CCA /* Exercises.swift */ = {isa = PBXFileReference; lastKnownFileType = sourcecode.swift; path = Exercises.swift; sourceTree = "<group>"; };
		1D9D515D2AB00507004B6CCA /* ExerciseTitleView.swift */ = {isa = PBXFileReference; lastKnownFileType = sourcecode.swift; path = ExerciseTitleView.swift; sourceTree = "<group>"; };
		1D9D515F2AB00AA0004B6CCA /* WorkoutDetailView.swift */ = {isa = PBXFileReference; lastKnownFileType = sourcecode.swift; path = WorkoutDetailView.swift; sourceTree = "<group>"; };
		1D9D51662AB0363B004B6CCA /* GoogleService-Info.plist */ = {isa = PBXFileReference; fileEncoding = 4; lastKnownFileType = text.plist.xml; path = "GoogleService-Info.plist"; sourceTree = "<group>"; };
/* End PBXFileReference section */

/* Begin PBXFrameworksBuildPhase section */
		1D9D51412AAFEBDE004B6CCA /* Frameworks */ = {
			isa = PBXFrameworksBuildPhase;
			buildActionMask = 2147483647;
			files = (
				1D9D51632AB0356D004B6CCA /* FirebaseFirestore in Frameworks */,
				1D9D51652AB0356D004B6CCA /* FirebaseFirestoreSwift in Frameworks */,
			);
			runOnlyForDeploymentPostprocessing = 0;
		};
/* End PBXFrameworksBuildPhase section */

/* Begin PBXGroup section */
		1D9D513B2AAFEBDE004B6CCA = {
			isa = PBXGroup;
			children = (
				1D9D51462AAFEBDE004B6CCA /* Workouts */,
				1D9D51452AAFEBDE004B6CCA /* Products */,
			);
			sourceTree = "<group>";
		};
		1D9D51452AAFEBDE004B6CCA /* Products */ = {
			isa = PBXGroup;
			children = (
				1D9D51442AAFEBDE004B6CCA /* Workouts.app */,
			);
			name = Products;
			sourceTree = "<group>";
		};
		1D9D51462AAFEBDE004B6CCA /* Workouts */ = {
			isa = PBXGroup;
			children = (
				1D9D51662AB0363B004B6CCA /* GoogleService-Info.plist */,
				1D9D51472AAFEBDE004B6CCA /* WorkoutsApp.swift */,
				1D9D51492AAFEBDE004B6CCA /* ContentView.swift */,
				1D9D514B2AAFEBDF004B6CCA /* Assets.xcassets */,
				1D9D514D2AAFEBDF004B6CCA /* Preview Content */,
				1D9D51552AAFF8BA004B6CCA /* WorkoutsGridView.swift */,
				1D9D51572AAFFF3F004B6CCA /* WorkoutsGridViewModel.swift */,
				1D9D515B2AB00010004B6CCA /* Exercises.swift */,
				1D9D515D2AB00507004B6CCA /* ExerciseTitleView.swift */,
				1D9D515F2AB00AA0004B6CCA /* WorkoutDetailView.swift */,
			);
			path = Workouts;
			sourceTree = "<group>";
		};
		1D9D514D2AAFEBDF004B6CCA /* Preview Content */ = {
			isa = PBXGroup;
			children = (
				1D9D514E2AAFEBDF004B6CCA /* Preview Assets.xcassets */,
			);
			path = "Preview Content";
			sourceTree = "<group>";
		};
/* End PBXGroup section */

/* Begin PBXNativeTarget section */
		1D9D51432AAFEBDE004B6CCA /* Workouts */ = {
			isa = PBXNativeTarget;
			buildConfigurationList = 1D9D51522AAFEBDF004B6CCA /* Build configuration list for PBXNativeTarget "Workouts" */;
			buildPhases = (
				1D9D51402AAFEBDE004B6CCA /* Sources */,
				1D9D51412AAFEBDE004B6CCA /* Frameworks */,
				1D9D51422AAFEBDE004B6CCA /* Resources */,
			);
			buildRules = (
			);
			dependencies = (
			);
			name = Workouts;
			packageProductDependencies = (
				1D9D51622AB0356D004B6CCA /* FirebaseFirestore */,
				1D9D51642AB0356D004B6CCA /* FirebaseFirestoreSwift */,
			);
			productName = Workouts;
			productReference = 1D9D51442AAFEBDE004B6CCA /* Workouts.app */;
			productType = "com.apple.product-type.application";
		};
/* End PBXNativeTarget section */

/* Begin PBXProject section */
		1D9D513C2AAFEBDE004B6CCA /* Project object */ = {
			isa = PBXProject;
			attributes = {
				BuildIndependentTargetsInParallel = 1;
				LastSwiftUpdateCheck = 1430;
				LastUpgradeCheck = 1430;
				TargetAttributes = {
					1D9D51432AAFEBDE004B6CCA = {
						CreatedOnToolsVersion = 14.3.1;
					};
				};
			};
			buildConfigurationList = 1D9D513F2AAFEBDE004B6CCA /* Build configuration list for PBXProject "Workouts" */;
			compatibilityVersion = "Xcode 14.0";
			developmentRegion = en;
			hasScannedForEncodings = 0;
			knownRegions = (
				en,
				Base,
			);
			mainGroup = 1D9D513B2AAFEBDE004B6CCA;
			packageReferences = (
				1D9D51612AB0356D004B6CCA /* XCRemoteSwiftPackageReference "firebase-ios-sdk" */,
			);
			productRefGroup = 1D9D51452AAFEBDE004B6CCA /* Products */;
			projectDirPath = "";
			projectRoot = "";
			targets = (
				1D9D51432AAFEBDE004B6CCA /* Workouts */,
			);
		};
/* End PBXProject section */

/* Begin PBXResourcesBuildPhase section */
		1D9D51422AAFEBDE004B6CCA /* Resources */ = {
			isa = PBXResourcesBuildPhase;
			buildActionMask = 2147483647;
			files = (
				1D9D514F2AAFEBDF004B6CCA /* Preview Assets.xcassets in Resources */,
				1D9D514C2AAFEBDF004B6CCA /* Assets.xcassets in Resources */,
				1D9D51672AB0363B004B6CCA /* GoogleService-Info.plist in Resources */,
			);
			runOnlyForDeploymentPostprocessing = 0;
		};
/* End PBXResourcesBuildPhase section */

/* Begin PBXSourcesBuildPhase section */
		1D9D51402AAFEBDE004B6CCA /* Sources */ = {
			isa = PBXSourcesBuildPhase;
			buildActionMask = 2147483647;
			files = (
				1D9D514A2AAFEBDE004B6CCA /* ContentView.swift in Sources */,
				1D9D51602AB00AA0004B6CCA /* WorkoutDetailView.swift in Sources */,
				1D9D51562AAFF8BA004B6CCA /* WorkoutsGridView.swift in Sources */,
				1D9D515C2AB00010004B6CCA /* Exercises.swift in Sources */,
				1D9D515E2AB00507004B6CCA /* ExerciseTitleView.swift in Sources */,
				1D9D51582AAFFF3F004B6CCA /* WorkoutsGridViewModel.swift in Sources */,
				1D9D51482AAFEBDE004B6CCA /* WorkoutsApp.swift in Sources */,
			);
			runOnlyForDeploymentPostprocessing = 0;
		};
/* End PBXSourcesBuildPhase section */

/* Begin XCBuildConfiguration section */
		1D9D51502AAFEBDF004B6CCA /* Debug */ = {
			isa = XCBuildConfiguration;
			buildSettings = {
				ALWAYS_SEARCH_USER_PATHS = NO;
				CLANG_ANALYZER_NONNULL = YES;
				CLANG_ANALYZER_NUMBER_OBJECT_CONVERSION = YES_AGGRESSIVE;
				CLANG_CXX_LANGUAGE_STANDARD = "gnu++20";
				CLANG_ENABLE_MODULES = YES;
				CLANG_ENABLE_OBJC_ARC = YES;
				CLANG_ENABLE_OBJC_WEAK = YES;
				CLANG_WARN_BLOCK_CAPTURE_AUTORELEASING = YES;
				CLANG_WARN_BOOL_CONVERSION = YES;
				CLANG_WARN_COMMA = YES;
				CLANG_WARN_CONSTANT_CONVERSION = YES;
				CLANG_WARN_DEPRECATED_OBJC_IMPLEMENTATIONS = YES;
				CLANG_WARN_DIRECT_OBJC_ISA_USAGE = YES_ERROR;
				CLANG_WARN_DOCUMENTATION_COMMENTS = YES;
				CLANG_WARN_EMPTY_BODY = YES;
				CLANG_WARN_ENUM_CONVERSION = YES;
				CLANG_WARN_INFINITE_RECURSION = YES;
				CLANG_WARN_INT_CONVERSION = YES;
				CLANG_WARN_NON_LITERAL_NULL_CONVERSION = YES;
				CLANG_WARN_OBJC_IMPLICIT_RETAIN_SELF = YES;
				CLANG_WARN_OBJC_LITERAL_CONVERSION = YES;
				CLANG_WARN_OBJC_ROOT_CLASS = YES_ERROR;
				CLANG_WARN_QUOTED_INCLUDE_IN_FRAMEWORK_HEADER = YES;
				CLANG_WARN_RANGE_LOOP_ANALYSIS = YES;
				CLANG_WARN_STRICT_PROTOTYPES = YES;
				CLANG_WARN_SUSPICIOUS_MOVE = YES;
				CLANG_WARN_UNGUARDED_AVAILABILITY = YES_AGGRESSIVE;
				CLANG_WARN_UNREACHABLE_CODE = YES;
				CLANG_WARN__DUPLICATE_METHOD_MATCH = YES;
				COPY_PHASE_STRIP = NO;
				DEBUG_INFORMATION_FORMAT = dwarf;
				ENABLE_STRICT_OBJC_MSGSEND = YES;
				ENABLE_TESTABILITY = YES;
				GCC_C_LANGUAGE_STANDARD = gnu11;
				GCC_DYNAMIC_NO_PIC = NO;
				GCC_NO_COMMON_BLOCKS = YES;
				GCC_OPTIMIZATION_LEVEL = 0;
				GCC_PREPROCESSOR_DEFINITIONS = (
					"DEBUG=1",
					"$(inherited)",
				);
				GCC_WARN_64_TO_32_BIT_CONVERSION = YES;
				GCC_WARN_ABOUT_RETURN_TYPE = YES_ERROR;
				GCC_WARN_UNDECLARED_SELECTOR = YES;
				GCC_WARN_UNINITIALIZED_AUTOS = YES_AGGRESSIVE;
				GCC_WARN_UNUSED_FUNCTION = YES;
				GCC_WARN_UNUSED_VARIABLE = YES;
				IPHONEOS_DEPLOYMENT_TARGET = 16.4;
				MTL_ENABLE_DEBUG_INFO = INCLUDE_SOURCE;
				MTL_FAST_MATH = YES;
				ONLY_ACTIVE_ARCH = YES;
				SDKROOT = iphoneos;
				SWIFT_ACTIVE_COMPILATION_CONDITIONS = DEBUG;
				SWIFT_OPTIMIZATION_LEVEL = "-Onone";
			};
			name = Debug;
		};
		1D9D51512AAFEBDF004B6CCA /* Release */ = {
			isa = XCBuildConfiguration;
			buildSettings = {
				ALWAYS_SEARCH_USER_PATHS = NO;
				CLANG_ANALYZER_NONNULL = YES;
				CLANG_ANALYZER_NUMBER_OBJECT_CONVERSION = YES_AGGRESSIVE;
				CLANG_CXX_LANGUAGE_STANDARD = "gnu++20";
				CLANG_ENABLE_MODULES = YES;
				CLANG_ENABLE_OBJC_ARC = YES;
				CLANG_ENABLE_OBJC_WEAK = YES;
				CLANG_WARN_BLOCK_CAPTURE_AUTORELEASING = YES;
				CLANG_WARN_BOOL_CONVERSION = YES;
				CLANG_WARN_COMMA = YES;
				CLANG_WARN_CONSTANT_CONVERSION = YES;
				CLANG_WARN_DEPRECATED_OBJC_IMPLEMENTATIONS = YES;
				CLANG_WARN_DIRECT_OBJC_ISA_USAGE = YES_ERROR;
				CLANG_WARN_DOCUMENTATION_COMMENTS = YES;
				CLANG_WARN_EMPTY_BODY = YES;
				CLANG_WARN_ENUM_CONVERSION = YES;
				CLANG_WARN_INFINITE_RECURSION = YES;
				CLANG_WARN_INT_CONVERSION = YES;
				CLANG_WARN_NON_LITERAL_NULL_CONVERSION = YES;
				CLANG_WARN_OBJC_IMPLICIT_RETAIN_SELF = YES;
				CLANG_WARN_OBJC_LITERAL_CONVERSION = YES;
				CLANG_WARN_OBJC_ROOT_CLASS = YES_ERROR;
				CLANG_WARN_QUOTED_INCLUDE_IN_FRAMEWORK_HEADER = YES;
				CLANG_WARN_RANGE_LOOP_ANALYSIS = YES;
				CLANG_WARN_STRICT_PROTOTYPES = YES;
				CLANG_WARN_SUSPICIOUS_MOVE = YES;
				CLANG_WARN_UNGUARDED_AVAILABILITY = YES_AGGRESSIVE;
				CLANG_WARN_UNREACHABLE_CODE = YES;
				CLANG_WARN__DUPLICATE_METHOD_MATCH = YES;
				COPY_PHASE_STRIP = NO;
				DEBUG_INFORMATION_FORMAT = "dwarf-with-dsym";
				ENABLE_NS_ASSERTIONS = NO;
				ENABLE_STRICT_OBJC_MSGSEND = YES;
				GCC_C_LANGUAGE_STANDARD = gnu11;
				GCC_NO_COMMON_BLOCKS = YES;
				GCC_WARN_64_TO_32_BIT_CONVERSION = YES;
				GCC_WARN_ABOUT_RETURN_TYPE = YES_ERROR;
				GCC_WARN_UNDECLARED_SELECTOR = YES;
				GCC_WARN_UNINITIALIZED_AUTOS = YES_AGGRESSIVE;
				GCC_WARN_UNUSED_FUNCTION = YES;
				GCC_WARN_UNUSED_VARIABLE = YES;
				IPHONEOS_DEPLOYMENT_TARGET = 16.4;
				MTL_ENABLE_DEBUG_INFO = NO;
				MTL_FAST_MATH = YES;
				SDKROOT = iphoneos;
				SWIFT_COMPILATION_MODE = wholemodule;
				SWIFT_OPTIMIZATION_LEVEL = "-O";
				VALIDATE_PRODUCT = YES;
			};
			name = Release;
		};
		1D9D51532AAFEBDF004B6CCA /* Debug */ = {
			isa = XCBuildConfiguration;
			buildSettings = {
				ASSETCATALOG_COMPILER_APPICON_NAME = AppIcon;
				ASSETCATALOG_COMPILER_GLOBAL_ACCENT_COLOR_NAME = AccentColor;
				CODE_SIGN_STYLE = Automatic;
				CURRENT_PROJECT_VERSION = 1;
				DEVELOPMENT_ASSET_PATHS = "\"Workouts/Preview Content\"";
				DEVELOPMENT_TEAM = T6765PJCYA;
				ENABLE_PREVIEWS = YES;
				GENERATE_INFOPLIST_FILE = YES;
				INFOPLIST_KEY_UIApplicationSceneManifest_Generation = YES;
				INFOPLIST_KEY_UIApplicationSupportsIndirectInputEvents = YES;
				INFOPLIST_KEY_UILaunchScreen_Generation = YES;
				INFOPLIST_KEY_UISupportedInterfaceOrientations_iPad = "UIInterfaceOrientationPortrait UIInterfaceOrientationPortraitUpsideDown UIInterfaceOrientationLandscapeLeft UIInterfaceOrientationLandscapeRight";
				INFOPLIST_KEY_UISupportedInterfaceOrientations_iPhone = "UIInterfaceOrientationPortrait UIInterfaceOrientationLandscapeLeft UIInterfaceOrientationLandscapeRight";
				LD_RUNPATH_SEARCH_PATHS = (
					"$(inherited)",
					"@executable_path/Frameworks",
				);
				MARKETING_VERSION = 1.0;
				PRODUCT_BUNDLE_IDENTIFIER = cpp.Workouts;
				PRODUCT_NAME = "$(TARGET_NAME)";
				SWIFT_EMIT_LOC_STRINGS = YES;
				SWIFT_VERSION = 5.0;
				TARGETED_DEVICE_FAMILY = "1,2";
			};
			name = Debug;
		};
		1D9D51542AAFEBDF004B6CCA /* Release */ = {
			isa = XCBuildConfiguration;
			buildSettings = {
				ASSETCATALOG_COMPILER_APPICON_NAME = AppIcon;
				ASSETCATALOG_COMPILER_GLOBAL_ACCENT_COLOR_NAME = AccentColor;
				CODE_SIGN_STYLE = Automatic;
				CURRENT_PROJECT_VERSION = 1;
				DEVELOPMENT_ASSET_PATHS = "\"Workouts/Preview Content\"";
				DEVELOPMENT_TEAM = T6765PJCYA;
				ENABLE_PREVIEWS = YES;
				GENERATE_INFOPLIST_FILE = YES;
				INFOPLIST_KEY_UIApplicationSceneManifest_Generation = YES;
				INFOPLIST_KEY_UIApplicationSupportsIndirectInputEvents = YES;
				INFOPLIST_KEY_UILaunchScreen_Generation = YES;
				INFOPLIST_KEY_UISupportedInterfaceOrientations_iPad = "UIInterfaceOrientationPortrait UIInterfaceOrientationPortraitUpsideDown UIInterfaceOrientationLandscapeLeft UIInterfaceOrientationLandscapeRight";
				INFOPLIST_KEY_UISupportedInterfaceOrientations_iPhone = "UIInterfaceOrientationPortrait UIInterfaceOrientationLandscapeLeft UIInterfaceOrientationLandscapeRight";
				LD_RUNPATH_SEARCH_PATHS = (
					"$(inherited)",
					"@executable_path/Frameworks",
				);
				MARKETING_VERSION = 1.0;
				PRODUCT_BUNDLE_IDENTIFIER = cpp.Workouts;
				PRODUCT_NAME = "$(TARGET_NAME)";
				SWIFT_EMIT_LOC_STRINGS = YES;
				SWIFT_VERSION = 5.0;
				TARGETED_DEVICE_FAMILY = "1,2";
			};
			name = Release;
		};
/* End XCBuildConfiguration section */

/* Begin XCConfigurationList section */
		1D9D513F2AAFEBDE004B6CCA /* Build configuration list for PBXProject "Workouts" */ = {
			isa = XCConfigurationList;
			buildConfigurations = (
				1D9D51502AAFEBDF004B6CCA /* Debug */,
				1D9D51512AAFEBDF004B6CCA /* Release */,
			);
			defaultConfigurationIsVisible = 0;
			defaultConfigurationName = Release;
		};
		1D9D51522AAFEBDF004B6CCA /* Build configuration list for PBXNativeTarget "Workouts" */ = {
			isa = XCConfigurationList;
			buildConfigurations = (
				1D9D51532AAFEBDF004B6CCA /* Debug */,
				1D9D51542AAFEBDF004B6CCA /* Release */,
			);
			defaultConfigurationIsVisible = 0;
			defaultConfigurationName = Release;
		};
/* End XCConfigurationList section */

/* Begin XCRemoteSwiftPackageReference section */
		1D9D51612AB0356D004B6CCA /* XCRemoteSwiftPackageReference "firebase-ios-sdk" */ = {
			isa = XCRemoteSwiftPackageReference;
			repositoryURL = "https://github.com/firebase/firebase-ios-sdk.git";
			requirement = {
				kind = upToNextMajorVersion;
				minimumVersion = 10.0.0;
			};
		};
/* End XCRemoteSwiftPackageReference section */

/* Begin XCSwiftPackageProductDependency section */
		1D9D51622AB0356D004B6CCA /* FirebaseFirestore */ = {
			isa = XCSwiftPackageProductDependency;
			package = 1D9D51612AB0356D004B6CCA /* XCRemoteSwiftPackageReference "firebase-ios-sdk" */;
			productName = FirebaseFirestore;
		};
		1D9D51642AB0356D004B6CCA /* FirebaseFirestoreSwift */ = {
			isa = XCSwiftPackageProductDependency;
			package = 1D9D51612AB0356D004B6CCA /* XCRemoteSwiftPackageReference "firebase-ios-sdk" */;
			productName = FirebaseFirestoreSwift;
		};
/* End XCSwiftPackageProductDependency section */
	};
	rootObject = 1D9D513C2AAFEBDE004B6CCA /* Project object */;
}
